
Microsoft Visual Studio Solution File, Format Version 12.00
# Visual Studio 15
VisualStudioVersion = 15.0.26724.1
MinimumVisualStudioVersion = 10.0.40219.1
Project("{9A19103F-16F7-4668-BE54-9A1E7A4F7556}") = "DDDN.CrossBlog.Blog", "Blog\DDDN.CrossBlog.Blog.csproj", "{E7C68E93-8E07-4371-A4C5-39120B6AEFEC}"
	ProjectSection(ProjectDependencies) = postProject
		{65327B6D-A254-463A-B4CB-38941A03015B} = {65327B6D-A254-463A-B4CB-38941A03015B}
		{741791B6-DC49-4E94-940F-5CF2C68718A6} = {741791B6-DC49-4E94-940F-5CF2C68718A6}
	EndProjectSection
EndProject
Project("{9A19103F-16F7-4668-BE54-9A1E7A4F7556}") = "DDDN.CrossBlog.Tests", "Tests\DDDN.CrossBlog.Tests.csproj", "{90968CFE-6A57-4A04-84A5-DA9690CCBB0C}"
	ProjectSection(ProjectDependencies) = postProject
		{E7C68E93-8E07-4371-A4C5-39120B6AEFEC} = {E7C68E93-8E07-4371-A4C5-39120B6AEFEC}
	EndProjectSection
EndProject
Project("{2150E333-8FDC-42A3-9474-1A3956D46DE8}") = "src", "src", "{1611219F-3D3F-439B-A433-99BD142A912E}"
EndProject
Project("{2150E333-8FDC-42A3-9474-1A3956D46DE8}") = "test", "test", "{990C564D-DF93-4454-9787-C32EA148F61A}"
EndProject
Project("{9A19103F-16F7-4668-BE54-9A1E7A4F7556}") = "DDDN.Localization.OpenXML", "..\Localization\OpenXML\DDDN.Localization.OpenXML.csproj", "{741791B6-DC49-4E94-940F-5CF2C68718A6}"
EndProject
Project("{9A19103F-16F7-4668-BE54-9A1E7A4F7556}") = "DDDN.Logging.Messages", "..\Logging\Messages\DDDN.Logging.Messages.csproj", "{65327B6D-A254-463A-B4CB-38941A03015B}"
EndProject
Global
	GlobalSection(SolutionConfigurationPlatforms) = preSolution
		Debug|Any CPU = Debug|Any CPU
		Release|Any CPU = Release|Any CPU
	EndGlobalSection
	GlobalSection(ProjectConfigurationPlatforms) = postSolution
		{E7C68E93-8E07-4371-A4C5-39120B6AEFEC}.Debug|Any CPU.ActiveCfg = Debug|Any CPU
		{E7C68E93-8E07-4371-A4C5-39120B6AEFEC}.Debug|Any CPU.Build.0 = Debug|Any CPU
		{E7C68E93-8E07-4371-A4C5-39120B6AEFEC}.Release|Any CPU.ActiveCfg = Release|Any CPU
		{E7C68E93-8E07-4371-A4C5-39120B6AEFEC}.Release|Any CPU.Build.0 = Release|Any CPU
		{90968CFE-6A57-4A04-84A5-DA9690CCBB0C}.Debug|Any CPU.ActiveCfg = Debug|Any CPU
		{90968CFE-6A57-4A04-84A5-DA9690CCBB0C}.Debug|Any CPU.Build.0 = Debug|Any CPU
		{90968CFE-6A57-4A04-84A5-DA9690CCBB0C}.Release|Any CPU.ActiveCfg = Release|Any CPU
		{90968CFE-6A57-4A04-84A5-DA9690CCBB0C}.Release|Any CPU.Build.0 = Release|Any CPU
		{741791B6-DC49-4E94-940F-5CF2C68718A6}.Debug|Any CPU.ActiveCfg = Debug|Any CPU
		{741791B6-DC49-4E94-940F-5CF2C68718A6}.Debug|Any CPU.Build.0 = Debug|Any CPU
		{741791B6-DC49-4E94-940F-5CF2C68718A6}.Release|Any CPU.ActiveCfg = Release|Any CPU
		{741791B6-DC49-4E94-940F-5CF2C68718A6}.Release|Any CPU.Build.0 = Release|Any CPU
		{65327B6D-A254-463A-B4CB-38941A03015B}.Debug|Any CPU.ActiveCfg = Debug|Any CPU
		{65327B6D-A254-463A-B4CB-38941A03015B}.Debug|Any CPU.Build.0 = Debug|Any CPU
		{65327B6D-A254-463A-B4CB-38941A03015B}.Release|Any CPU.ActiveCfg = Release|Any CPU
		{65327B6D-A254-463A-B4CB-38941A03015B}.Release|Any CPU.Build.0 = Release|Any CPU
	EndGlobalSection
	GlobalSection(SolutionProperties) = preSolution
		HideSolutionNode = FALSE
	EndGlobalSection
	GlobalSection(NestedProjects) = preSolution
		{E7C68E93-8E07-4371-A4C5-39120B6AEFEC} = {1611219F-3D3F-439B-A433-99BD142A912E}
		{90968CFE-6A57-4A04-84A5-DA9690CCBB0C} = {990C564D-DF93-4454-9787-C32EA148F61A}
		{741791B6-DC49-4E94-940F-5CF2C68718A6} = {1611219F-3D3F-439B-A433-99BD142A912E}
		{65327B6D-A254-463A-B4CB-38941A03015B} = {1611219F-3D3F-439B-A433-99BD142A912E}
	EndGlobalSection
	GlobalSection(ExtensibilityGlobals) = postSolution
		SolutionGuid = {F5B16BF3-9793-467D-882F-D6F2482DA252}
	EndGlobalSection
EndGlobal
