
Microsoft Visual Studio Solution File, Format Version 12.00
# Visual Studio 15
VisualStudioVersion = 15.0.26711.1
MinimumVisualStudioVersion = 10.0.40219.1
Project("{9A19103F-16F7-4668-BE54-9A1E7A4F7556}") = "DDDN.CrossBlog.Blog", "Blog\DDDN.CrossBlog.Blog.csproj", "{E7C68E93-8E07-4371-A4C5-39120B6AEFEC}"
EndProject
Project("{FAE04EC0-301F-11D3-BF4B-00C04F79EFBC}") = "DDDN.CrossBlog.Tests", "Tests\DDDN.CrossBlog.Tests.csproj", "{90968CFE-6A57-4A04-84A5-DA9690CCBB0C}"
EndProject
Global
	GlobalSection(SolutionConfigurationPlatforms) = preSolution
		Debug|Any CPU = Debug|Any CPU
		Release|Any CPU = Release|Any CPU
	EndGlobalSection
	GlobalSection(ProjectConfigurationPlatforms) = postSolution
		{E7C68E93-8E07-4371-A4C5-39120B6AEFEC}.Debug|Any CPU.ActiveCfg = Debug|Any CPU
		{E7C68E93-8E07-4371-A4C5-39120B6AEFEC}.Debug|Any CPU.Build.0 = Debug|Any CPU
		{E7C68E93-8E07-4371-A4C5-39120B6AEFEC}.Release|Any CPU.ActiveCfg = Release|Any CPU
		{E7C68E93-8E07-4371-A4C5-39120B6AEFEC}.Release|Any CPU.Build.0 = Release|Any CPU
		{90968CFE-6A57-4A04-84A5-DA9690CCBB0C}.Debug|Any CPU.ActiveCfg = Debug|Any CPU
		{90968CFE-6A57-4A04-84A5-DA9690CCBB0C}.Debug|Any CPU.Build.0 = Debug|Any CPU
		{90968CFE-6A57-4A04-84A5-DA9690CCBB0C}.Release|Any CPU.ActiveCfg = Release|Any CPU
		{90968CFE-6A57-4A04-84A5-DA9690CCBB0C}.Release|Any CPU.Build.0 = Release|Any CPU
	EndGlobalSection
	GlobalSection(SolutionProperties) = preSolution
		HideSolutionNode = FALSE
	EndGlobalSection
	GlobalSection(ExtensibilityGlobals) = postSolution
		SolutionGuid = {F5B16BF3-9793-467D-882F-D6F2482DA252}
	EndGlobalSection
EndGlobal
